
Microsoft Visual Studio Solution File, Format Version 12.00
# Visual Studio Version 16
VisualStudioVersion = 16.0.31019.35
MinimumVisualStudioVersion = 10.0.40219.1
Project("{FAE04EC0-301F-11D3-BF4B-00C04F79EFBC}") = "TodoList", "TodoList.csproj", "{7557C93A-3E44-483A-A210-D72F2CED33D2}"
EndProject
Global
	GlobalSection(SolutionConfigurationPlatforms) = preSolution
		Debug|Any CPU = Debug|Any CPU
		Release|Any CPU = Release|Any CPU
	EndGlobalSection
	GlobalSection(ProjectConfigurationPlatforms) = postSolution
		{7557C93A-3E44-483A-A210-D72F2CED33D2}.Debug|Any CPU.ActiveCfg = Debug|Any CPU
		{7557C93A-3E44-483A-A210-D72F2CED33D2}.Debug|Any CPU.Build.0 = Debug|Any CPU
		{7557C93A-3E44-483A-A210-D72F2CED33D2}.Release|Any CPU.ActiveCfg = Release|Any CPU
		{7557C93A-3E44-483A-A210-D72F2CED33D2}.Release|Any CPU.Build.0 = Release|Any CPU
	EndGlobalSection
	GlobalSection(SolutionProperties) = preSolution
		HideSolutionNode = FALSE
	EndGlobalSection
	GlobalSection(ExtensibilityGlobals) = postSolution
		SolutionGuid = {349D0CEE-9317-4C75-A77C-119DF597107D}
	EndGlobalSection
EndGlobal
